// !$*UTF8*$!
{
	archiveVersion = 1;
	classes = {
	};
	objectVersion = 56;
	objects = {

/* Begin PBXBuildFile section */
		A464562E2C7D04D0008586AD /* CreateTaskView.swift in Sources */ = {isa = PBXBuildFile; fileRef = A464562D2C7D04D0008586AD /* CreateTaskView.swift */; };
		A46456302C7D069A008586AD /* CustomButton.swift in Sources */ = {isa = PBXBuildFile; fileRef = A464562F2C7D069A008586AD /* CustomButton.swift */; };
		A46456342C7D105A008586AD /* NoTaskView.swift in Sources */ = {isa = PBXBuildFile; fileRef = A46456332C7D105A008586AD /* NoTaskView.swift */; };
		A46AB2872C7F219E00D622CE /* EditTaskView.swift in Sources */ = {isa = PBXBuildFile; fileRef = A46AB2862C7F219E00D622CE /* EditTaskView.swift */; };
		A46AB2892C7FAEF400D622CE /* APICellView.swift in Sources */ = {isa = PBXBuildFile; fileRef = A46AB2882C7FAEF400D622CE /* APICellView.swift */; };
		A46AB28C2C7FB5AC00D622CE /* LocalTaskEntity+CoreDataClass.swift in Sources */ = {isa = PBXBuildFile; fileRef = A46AB28A2C7FB5AC00D622CE /* LocalTaskEntity+CoreDataClass.swift */; };
		A46AB28D2C7FB5AC00D622CE /* LocalTaskEntity+CoreDataProperties.swift in Sources */ = {isa = PBXBuildFile; fileRef = A46AB28B2C7FB5AC00D622CE /* LocalTaskEntity+CoreDataProperties.swift */; };
		A492E3CF2C7B0E5E00610C99 /* ToDoTestAPICoreDataApp.swift in Sources */ = {isa = PBXBuildFile; fileRef = A492E3CE2C7B0E5E00610C99 /* ToDoTestAPICoreDataApp.swift */; };
		A492E3D12C7B0E5E00610C99 /* ContentView.swift in Sources */ = {isa = PBXBuildFile; fileRef = A492E3D02C7B0E5E00610C99 /* ContentView.swift */; };
		A492E3D32C7B0E5F00610C99 /* Assets.xcassets in Resources */ = {isa = PBXBuildFile; fileRef = A492E3D22C7B0E5F00610C99 /* Assets.xcassets */; };
		A492E3D62C7B0E5F00610C99 /* Preview Assets.xcassets in Resources */ = {isa = PBXBuildFile; fileRef = A492E3D52C7B0E5F00610C99 /* Preview Assets.xcassets */; };
		A492E3DE2C7B102400610C99 /* APIModel.swift in Sources */ = {isa = PBXBuildFile; fileRef = A492E3DD2C7B102400610C99 /* APIModel.swift */; };
		A492E3E12C7B13B300610C99 /* APIViewModel.swift in Sources */ = {isa = PBXBuildFile; fileRef = A492E3E02C7B13B300610C99 /* APIViewModel.swift */; };
		A492E3E52C7B1FCC00610C99 /* TodoDataModel.xcdatamodeld in Sources */ = {isa = PBXBuildFile; fileRef = A492E3E32C7B1FCC00610C99 /* TodoDataModel.xcdatamodeld */; };
		A492E3E72C7B214C00610C99 /* CoreDataManager.swift in Sources */ = {isa = PBXBuildFile; fileRef = A492E3E62C7B214C00610C99 /* CoreDataManager.swift */; };
		A492E3EA2C7B2DE300610C99 /* APITaskView.swift in Sources */ = {isa = PBXBuildFile; fileRef = A492E3E92C7B2DE300610C99 /* APITaskView.swift */; };
		A492E3ED2C7B43F700610C99 /* Color+Extension.swift in Sources */ = {isa = PBXBuildFile; fileRef = A492E3EC2C7B43F700610C99 /* Color+Extension.swift */; };
		A492E3F02C7B4D1A00610C99 /* BackgroundViewGradient.swift in Sources */ = {isa = PBXBuildFile; fileRef = A492E3EF2C7B4D1A00610C99 /* BackgroundViewGradient.swift */; };
		A492E3F82C7B989500610C99 /* LocalViewModel.swift in Sources */ = {isa = PBXBuildFile; fileRef = A492E3F72C7B989500610C99 /* LocalViewModel.swift */; };
		A492E3FA2C7BBA9700610C99 /* LocalTaskView.swift in Sources */ = {isa = PBXBuildFile; fileRef = A492E3F92C7BBA9700610C99 /* LocalTaskView.swift */; };
		A492E3FF2C7BC3D900610C99 /* TasklCellView.swift in Sources */ = {isa = PBXBuildFile; fileRef = A492E3FE2C7BC3D900610C99 /* TasklCellView.swift */; };
		A4BBFA892C846F7500609897 /* CustomProgressView.swift in Sources */ = {isa = PBXBuildFile; fileRef = A4BBFA882C846F7500609897 /* CustomProgressView.swift */; };
		A4BBFA8B2C84704700609897 /* LaunchScreen.swift in Sources */ = {isa = PBXBuildFile; fileRef = A4BBFA8A2C84704700609897 /* LaunchScreen.swift */; };
		A4BBFA8D2C84724300609897 /* ContainerView.swift in Sources */ = {isa = PBXBuildFile; fileRef = A4BBFA8C2C84724300609897 /* ContainerView.swift */; };
		A4D98EAC2C80F993001AAA85 /* NetworkManager.swift in Sources */ = {isa = PBXBuildFile; fileRef = A4D98EAB2C80F993001AAA85 /* NetworkManager.swift */; };
		A4D98EAE2C810604001AAA85 /* NetworkError.swift in Sources */ = {isa = PBXBuildFile; fileRef = A4D98EAD2C810604001AAA85 /* NetworkError.swift */; };
/* End PBXBuildFile section */

/* Begin PBXFileReference section */
		A464562D2C7D04D0008586AD /* CreateTaskView.swift */ = {isa = PBXFileReference; lastKnownFileType = sourcecode.swift; path = CreateTaskView.swift; sourceTree = "<group>"; };
		A464562F2C7D069A008586AD /* CustomButton.swift */ = {isa = PBXFileReference; lastKnownFileType = sourcecode.swift; path = CustomButton.swift; sourceTree = "<group>"; };
		A46456332C7D105A008586AD /* NoTaskView.swift */ = {isa = PBXFileReference; lastKnownFileType = sourcecode.swift; path = NoTaskView.swift; sourceTree = "<group>"; };
		A46AB2862C7F219E00D622CE /* EditTaskView.swift */ = {isa = PBXFileReference; lastKnownFileType = sourcecode.swift; path = EditTaskView.swift; sourceTree = "<group>"; };
		A46AB2882C7FAEF400D622CE /* APICellView.swift */ = {isa = PBXFileReference; lastKnownFileType = sourcecode.swift; path = APICellView.swift; sourceTree = "<group>"; };
		A46AB28A2C7FB5AC00D622CE /* LocalTaskEntity+CoreDataClass.swift */ = {isa = PBXFileReference; lastKnownFileType = sourcecode.swift; path = "LocalTaskEntity+CoreDataClass.swift"; sourceTree = SOURCE_ROOT; };
		A46AB28B2C7FB5AC00D622CE /* LocalTaskEntity+CoreDataProperties.swift */ = {isa = PBXFileReference; lastKnownFileType = sourcecode.swift; path = "LocalTaskEntity+CoreDataProperties.swift"; sourceTree = SOURCE_ROOT; };
		A492E3CB2C7B0E5E00610C99 /* ToDoTestAPICoreData.app */ = {isa = PBXFileReference; explicitFileType = wrapper.application; includeInIndex = 0; path = ToDoTestAPICoreData.app; sourceTree = BUILT_PRODUCTS_DIR; };
		A492E3CE2C7B0E5E00610C99 /* ToDoTestAPICoreDataApp.swift */ = {isa = PBXFileReference; lastKnownFileType = sourcecode.swift; path = ToDoTestAPICoreDataApp.swift; sourceTree = "<group>"; };
		A492E3D02C7B0E5E00610C99 /* ContentView.swift */ = {isa = PBXFileReference; lastKnownFileType = sourcecode.swift; path = ContentView.swift; sourceTree = "<group>"; };
		A492E3D22C7B0E5F00610C99 /* Assets.xcassets */ = {isa = PBXFileReference; lastKnownFileType = folder.assetcatalog; path = Assets.xcassets; sourceTree = "<group>"; };
		A492E3D52C7B0E5F00610C99 /* Preview Assets.xcassets */ = {isa = PBXFileReference; lastKnownFileType = folder.assetcatalog; path = "Preview Assets.xcassets"; sourceTree = "<group>"; };
		A492E3DD2C7B102400610C99 /* APIModel.swift */ = {isa = PBXFileReference; lastKnownFileType = sourcecode.swift; path = APIModel.swift; sourceTree = "<group>"; };
		A492E3E02C7B13B300610C99 /* APIViewModel.swift */ = {isa = PBXFileReference; lastKnownFileType = sourcecode.swift; path = APIViewModel.swift; sourceTree = "<group>"; };
		A492E3E42C7B1FCC00610C99 /* TodoDataModel.xcdatamodel */ = {isa = PBXFileReference; lastKnownFileType = wrapper.xcdatamodel; path = TodoDataModel.xcdatamodel; sourceTree = "<group>"; };
		A492E3E62C7B214C00610C99 /* CoreDataManager.swift */ = {isa = PBXFileReference; lastKnownFileType = sourcecode.swift; path = CoreDataManager.swift; sourceTree = "<group>"; };
		A492E3E92C7B2DE300610C99 /* APITaskView.swift */ = {isa = PBXFileReference; lastKnownFileType = sourcecode.swift; path = APITaskView.swift; sourceTree = "<group>"; };
		A492E3EC2C7B43F700610C99 /* Color+Extension.swift */ = {isa = PBXFileReference; lastKnownFileType = sourcecode.swift; path = "Color+Extension.swift"; sourceTree = "<group>"; };
		A492E3EF2C7B4D1A00610C99 /* BackgroundViewGradient.swift */ = {isa = PBXFileReference; lastKnownFileType = sourcecode.swift; path = BackgroundViewGradient.swift; sourceTree = "<group>"; };
		A492E3F72C7B989500610C99 /* LocalViewModel.swift */ = {isa = PBXFileReference; lastKnownFileType = sourcecode.swift; path = LocalViewModel.swift; sourceTree = "<group>"; };
		A492E3F92C7BBA9700610C99 /* LocalTaskView.swift */ = {isa = PBXFileReference; lastKnownFileType = sourcecode.swift; path = LocalTaskView.swift; sourceTree = "<group>"; };
		A492E3FE2C7BC3D900610C99 /* TasklCellView.swift */ = {isa = PBXFileReference; lastKnownFileType = sourcecode.swift; path = TasklCellView.swift; sourceTree = "<group>"; };
		A4BBFA882C846F7500609897 /* CustomProgressView.swift */ = {isa = PBXFileReference; lastKnownFileType = sourcecode.swift; path = CustomProgressView.swift; sourceTree = "<group>"; };
		A4BBFA8A2C84704700609897 /* LaunchScreen.swift */ = {isa = PBXFileReference; lastKnownFileType = sourcecode.swift; path = LaunchScreen.swift; sourceTree = "<group>"; };
		A4BBFA8C2C84724300609897 /* ContainerView.swift */ = {isa = PBXFileReference; lastKnownFileType = sourcecode.swift; path = ContainerView.swift; sourceTree = "<group>"; };
		A4D98EAB2C80F993001AAA85 /* NetworkManager.swift */ = {isa = PBXFileReference; lastKnownFileType = sourcecode.swift; path = NetworkManager.swift; sourceTree = "<group>"; };
		A4D98EAD2C810604001AAA85 /* NetworkError.swift */ = {isa = PBXFileReference; lastKnownFileType = sourcecode.swift; path = NetworkError.swift; sourceTree = "<group>"; };
/* End PBXFileReference section */

/* Begin PBXFrameworksBuildPhase section */
		A492E3C82C7B0E5E00610C99 /* Frameworks */ = {
			isa = PBXFrameworksBuildPhase;
			buildActionMask = 2147483647;
			files = (
			);
			runOnlyForDeploymentPostprocessing = 0;
		};
/* End PBXFrameworksBuildPhase section */

/* Begin PBXGroup section */
		A46456272C7CAF0A008586AD /* APIService */ = {
			isa = PBXGroup;
			children = (
				A4D98EAB2C80F993001AAA85 /* NetworkManager.swift */,
				A4D98EAD2C810604001AAA85 /* NetworkError.swift */,
			);
			path = APIService;
			sourceTree = "<group>";
		};
		A492E3C22C7B0E5E00610C99 = {
			isa = PBXGroup;
			children = (
				A492E3CD2C7B0E5E00610C99 /* ToDoTestAPICoreData */,
				A492E3CC2C7B0E5E00610C99 /* Products */,
			);
			sourceTree = "<group>";
		};
		A492E3CC2C7B0E5E00610C99 /* Products */ = {
			isa = PBXGroup;
			children = (
				A492E3CB2C7B0E5E00610C99 /* ToDoTestAPICoreData.app */,
			);
			name = Products;
			sourceTree = "<group>";
		};
		A492E3CD2C7B0E5E00610C99 /* ToDoTestAPICoreData */ = {
			isa = PBXGroup;
			children = (
				A492E3E82C7B2DAB00610C99 /* Views */,
				A492E3DF2C7B135A00610C99 /* ViewModels */,
				A492E3DC2C7B0FDC00610C99 /* Models */,
				A46456272C7CAF0A008586AD /* APIService */,
				A492E3E22C7B1F6200610C99 /* CoreData */,
				A492E3EE2C7B4C9000610C99 /* UIComponents */,
				A492E3EB2C7B439200610C99 /* Extensions */,
				A492E3CE2C7B0E5E00610C99 /* ToDoTestAPICoreDataApp.swift */,
				A492E3D22C7B0E5F00610C99 /* Assets.xcassets */,
				A492E3D42C7B0E5F00610C99 /* Preview Content */,
			);
			path = ToDoTestAPICoreData;
			sourceTree = "<group>";
		};
		A492E3D42C7B0E5F00610C99 /* Preview Content */ = {
			isa = PBXGroup;
			children = (
				A492E3D52C7B0E5F00610C99 /* Preview Assets.xcassets */,
			);
			path = "Preview Content";
			sourceTree = "<group>";
		};
		A492E3DC2C7B0FDC00610C99 /* Models */ = {
			isa = PBXGroup;
			children = (
				A46AB28A2C7FB5AC00D622CE /* LocalTaskEntity+CoreDataClass.swift */,
				A46AB28B2C7FB5AC00D622CE /* LocalTaskEntity+CoreDataProperties.swift */,
				A492E3DD2C7B102400610C99 /* APIModel.swift */,
			);
			path = Models;
			sourceTree = "<group>";
		};
		A492E3DF2C7B135A00610C99 /* ViewModels */ = {
			isa = PBXGroup;
			children = (
				A492E3E02C7B13B300610C99 /* APIViewModel.swift */,
				A492E3F72C7B989500610C99 /* LocalViewModel.swift */,
			);
			path = ViewModels;
			sourceTree = "<group>";
		};
		A492E3E22C7B1F6200610C99 /* CoreData */ = {
			isa = PBXGroup;
			children = (
				A492E3E62C7B214C00610C99 /* CoreDataManager.swift */,
				A492E3E32C7B1FCC00610C99 /* TodoDataModel.xcdatamodeld */,
			);
			path = CoreData;
			sourceTree = "<group>";
		};
		A492E3E82C7B2DAB00610C99 /* Views */ = {
			isa = PBXGroup;
			children = (
				A492E3FC2C7BC32E00610C99 /* LocalView */,
				A492E3FB2C7BC2D100610C99 /* APIView */,
				A492E3F12C7B4E4900610C99 /* LaunchScreen */,
			);
			path = Views;
			sourceTree = "<group>";
		};
		A492E3EB2C7B439200610C99 /* Extensions */ = {
			isa = PBXGroup;
			children = (
				A492E3EC2C7B43F700610C99 /* Color+Extension.swift */,
			);
			path = Extensions;
			sourceTree = "<group>";
		};
		A492E3EE2C7B4C9000610C99 /* UIComponents */ = {
			isa = PBXGroup;
			children = (
				A492E3EF2C7B4D1A00610C99 /* BackgroundViewGradient.swift */,
				A464562F2C7D069A008586AD /* CustomButton.swift */,
			);
			path = UIComponents;
			sourceTree = "<group>";
		};
		A492E3F12C7B4E4900610C99 /* LaunchScreen */ = {
			isa = PBXGroup;
			children = (
				A492E3D02C7B0E5E00610C99 /* ContentView.swift */,
				A4BBFA8A2C84704700609897 /* LaunchScreen.swift */,
				A4BBFA882C846F7500609897 /* CustomProgressView.swift */,
				A4BBFA8C2C84724300609897 /* ContainerView.swift */,
			);
			path = LaunchScreen;
			sourceTree = "<group>";
		};
		A492E3F22C7B4E9600610C99 /* Subviews */ = {
			isa = PBXGroup;
			children = (
				A46AB2882C7FAEF400D622CE /* APICellView.swift */,
			);
			path = Subviews;
			sourceTree = "<group>";
		};
		A492E3FB2C7BC2D100610C99 /* APIView */ = {
			isa = PBXGroup;
			children = (
				A492E3E92C7B2DE300610C99 /* APITaskView.swift */,
				A492E3F22C7B4E9600610C99 /* Subviews */,
			);
			path = APIView;
			sourceTree = "<group>";
		};
		A492E3FC2C7BC32E00610C99 /* LocalView */ = {
			isa = PBXGroup;
			children = (
				A492E3F92C7BBA9700610C99 /* LocalTaskView.swift */,
				A492E3FD2C7BC34800610C99 /* SubViews */,
			);
			path = LocalView;
			sourceTree = "<group>";
		};
		A492E3FD2C7BC34800610C99 /* SubViews */ = {
			isa = PBXGroup;
			children = (
				A492E3FE2C7BC3D900610C99 /* TasklCellView.swift */,
				A464562D2C7D04D0008586AD /* CreateTaskView.swift */,
				A46456332C7D105A008586AD /* NoTaskView.swift */,
				A46AB2862C7F219E00D622CE /* EditTaskView.swift */,
			);
			path = SubViews;
			sourceTree = "<group>";
		};
/* End PBXGroup section */

/* Begin PBXNativeTarget section */
		A492E3CA2C7B0E5E00610C99 /* ToDoTestAPICoreData */ = {
			isa = PBXNativeTarget;
			buildConfigurationList = A492E3D92C7B0E5F00610C99 /* Build configuration list for PBXNativeTarget "ToDoTestAPICoreData" */;
			buildPhases = (
				A492E3C72C7B0E5E00610C99 /* Sources */,
				A492E3C82C7B0E5E00610C99 /* Frameworks */,
				A492E3C92C7B0E5E00610C99 /* Resources */,
			);
			buildRules = (
			);
			dependencies = (
			);
			name = ToDoTestAPICoreData;
			productName = ToDoTestAPICoreData;
			productReference = A492E3CB2C7B0E5E00610C99 /* ToDoTestAPICoreData.app */;
			productType = "com.apple.product-type.application";
		};
/* End PBXNativeTarget section */

/* Begin PBXProject section */
		A492E3C32C7B0E5E00610C99 /* Project object */ = {
			isa = PBXProject;
			attributes = {
				BuildIndependentTargetsInParallel = 1;
				LastSwiftUpdateCheck = 1540;
				LastUpgradeCheck = 1540;
				TargetAttributes = {
					A492E3CA2C7B0E5E00610C99 = {
						CreatedOnToolsVersion = 15.4;
					};
				};
			};
			buildConfigurationList = A492E3C62C7B0E5E00610C99 /* Build configuration list for PBXProject "ToDoTestAPICoreData" */;
			compatibilityVersion = "Xcode 14.0";
			developmentRegion = en;
			hasScannedForEncodings = 0;
			knownRegions = (
				en,
				Base,
			);
			mainGroup = A492E3C22C7B0E5E00610C99;
			productRefGroup = A492E3CC2C7B0E5E00610C99 /* Products */;
			projectDirPath = "";
			projectRoot = "";
			targets = (
				A492E3CA2C7B0E5E00610C99 /* ToDoTestAPICoreData */,
			);
		};
/* End PBXProject section */

/* Begin PBXResourcesBuildPhase section */
		A492E3C92C7B0E5E00610C99 /* Resources */ = {
			isa = PBXResourcesBuildPhase;
			buildActionMask = 2147483647;
			files = (
				A492E3D62C7B0E5F00610C99 /* Preview Assets.xcassets in Resources */,
				A492E3D32C7B0E5F00610C99 /* Assets.xcassets in Resources */,
			);
			runOnlyForDeploymentPostprocessing = 0;
		};
/* End PBXResourcesBuildPhase section */

/* Begin PBXSourcesBuildPhase section */
		A492E3C72C7B0E5E00610C99 /* Sources */ = {
			isa = PBXSourcesBuildPhase;
			buildActionMask = 2147483647;
			files = (
				A492E3E72C7B214C00610C99 /* CoreDataManager.swift in Sources */,
				A46AB2872C7F219E00D622CE /* EditTaskView.swift in Sources */,
				A492E3EA2C7B2DE300610C99 /* APITaskView.swift in Sources */,
				A492E3E52C7B1FCC00610C99 /* TodoDataModel.xcdatamodeld in Sources */,
				A492E3F02C7B4D1A00610C99 /* BackgroundViewGradient.swift in Sources */,
				A46AB2892C7FAEF400D622CE /* APICellView.swift in Sources */,
				A46456302C7D069A008586AD /* CustomButton.swift in Sources */,
				A492E3DE2C7B102400610C99 /* APIModel.swift in Sources */,
				A4BBFA892C846F7500609897 /* CustomProgressView.swift in Sources */,
				A46456342C7D105A008586AD /* NoTaskView.swift in Sources */,
				A492E3F82C7B989500610C99 /* LocalViewModel.swift in Sources */,
				A492E3FF2C7BC3D900610C99 /* TasklCellView.swift in Sources */,
				A4BBFA8B2C84704700609897 /* LaunchScreen.swift in Sources */,
				A492E3D12C7B0E5E00610C99 /* ContentView.swift in Sources */,
				A4D98EAC2C80F993001AAA85 /* NetworkManager.swift in Sources */,
				A492E3CF2C7B0E5E00610C99 /* ToDoTestAPICoreDataApp.swift in Sources */,
				A492E3E12C7B13B300610C99 /* APIViewModel.swift in Sources */,
				A4D98EAE2C810604001AAA85 /* NetworkError.swift in Sources */,
				A46AB28C2C7FB5AC00D622CE /* LocalTaskEntity+CoreDataClass.swift in Sources */,
				A46AB28D2C7FB5AC00D622CE /* LocalTaskEntity+CoreDataProperties.swift in Sources */,
				A4BBFA8D2C84724300609897 /* ContainerView.swift in Sources */,
				A492E3ED2C7B43F700610C99 /* Color+Extension.swift in Sources */,
				A492E3FA2C7BBA9700610C99 /* LocalTaskView.swift in Sources */,
				A464562E2C7D04D0008586AD /* CreateTaskView.swift in Sources */,
			);
			runOnlyForDeploymentPostprocessing = 0;
		};
/* End PBXSourcesBuildPhase section */

/* Begin XCBuildConfiguration section */
		A492E3D72C7B0E5F00610C99 /* Debug */ = {
			isa = XCBuildConfiguration;
			buildSettings = {
				ALWAYS_SEARCH_USER_PATHS = NO;
				ASSETCATALOG_COMPILER_GENERATE_SWIFT_ASSET_SYMBOL_EXTENSIONS = YES;
				CLANG_ANALYZER_NONNULL = YES;
				CLANG_ANALYZER_NUMBER_OBJECT_CONVERSION = YES_AGGRESSIVE;
				CLANG_CXX_LANGUAGE_STANDARD = "gnu++20";
				CLANG_ENABLE_MODULES = YES;
				CLANG_ENABLE_OBJC_ARC = YES;
				CLANG_ENABLE_OBJC_WEAK = YES;
				CLANG_WARN_BLOCK_CAPTURE_AUTORELEASING = YES;
				CLANG_WARN_BOOL_CONVERSION = YES;
				CLANG_WARN_COMMA = YES;
				CLANG_WARN_CONSTANT_CONVERSION = YES;
				CLANG_WARN_DEPRECATED_OBJC_IMPLEMENTATIONS = YES;
				CLANG_WARN_DIRECT_OBJC_ISA_USAGE = YES_ERROR;
				CLANG_WARN_DOCUMENTATION_COMMENTS = YES;
				CLANG_WARN_EMPTY_BODY = YES;
				CLANG_WARN_ENUM_CONVERSION = YES;
				CLANG_WARN_INFINITE_RECURSION = YES;
				CLANG_WARN_INT_CONVERSION = YES;
				CLANG_WARN_NON_LITERAL_NULL_CONVERSION = YES;
				CLANG_WARN_OBJC_IMPLICIT_RETAIN_SELF = YES;
				CLANG_WARN_OBJC_LITERAL_CONVERSION = YES;
				CLANG_WARN_OBJC_ROOT_CLASS = YES_ERROR;
				CLANG_WARN_QUOTED_INCLUDE_IN_FRAMEWORK_HEADER = YES;
				CLANG_WARN_RANGE_LOOP_ANALYSIS = YES;
				CLANG_WARN_STRICT_PROTOTYPES = YES;
				CLANG_WARN_SUSPICIOUS_MOVE = YES;
				CLANG_WARN_UNGUARDED_AVAILABILITY = YES_AGGRESSIVE;
				CLANG_WARN_UNREACHABLE_CODE = YES;
				CLANG_WARN__DUPLICATE_METHOD_MATCH = YES;
				COPY_PHASE_STRIP = NO;
				DEBUG_INFORMATION_FORMAT = dwarf;
				ENABLE_STRICT_OBJC_MSGSEND = YES;
				ENABLE_TESTABILITY = YES;
				ENABLE_USER_SCRIPT_SANDBOXING = YES;
				GCC_C_LANGUAGE_STANDARD = gnu17;
				GCC_DYNAMIC_NO_PIC = NO;
				GCC_NO_COMMON_BLOCKS = YES;
				GCC_OPTIMIZATION_LEVEL = 0;
				GCC_PREPROCESSOR_DEFINITIONS = (
					"DEBUG=1",
					"$(inherited)",
				);
				GCC_WARN_64_TO_32_BIT_CONVERSION = YES;
				GCC_WARN_ABOUT_RETURN_TYPE = YES_ERROR;
				GCC_WARN_UNDECLARED_SELECTOR = YES;
				GCC_WARN_UNINITIALIZED_AUTOS = YES_AGGRESSIVE;
				GCC_WARN_UNUSED_FUNCTION = YES;
				GCC_WARN_UNUSED_VARIABLE = YES;
				IPHONEOS_DEPLOYMENT_TARGET = 17.5;
				LOCALIZATION_PREFERS_STRING_CATALOGS = YES;
				MTL_ENABLE_DEBUG_INFO = INCLUDE_SOURCE;
				MTL_FAST_MATH = YES;
				ONLY_ACTIVE_ARCH = YES;
				SDKROOT = iphoneos;
				SWIFT_ACTIVE_COMPILATION_CONDITIONS = "DEBUG $(inherited)";
				SWIFT_OPTIMIZATION_LEVEL = "-Onone";
			};
			name = Debug;
		};
		A492E3D82C7B0E5F00610C99 /* Release */ = {
			isa = XCBuildConfiguration;
			buildSettings = {
				ALWAYS_SEARCH_USER_PATHS = NO;
				ASSETCATALOG_COMPILER_GENERATE_SWIFT_ASSET_SYMBOL_EXTENSIONS = YES;
				CLANG_ANALYZER_NONNULL = YES;
				CLANG_ANALYZER_NUMBER_OBJECT_CONVERSION = YES_AGGRESSIVE;
				CLANG_CXX_LANGUAGE_STANDARD = "gnu++20";
				CLANG_ENABLE_MODULES = YES;
				CLANG_ENABLE_OBJC_ARC = YES;
				CLANG_ENABLE_OBJC_WEAK = YES;
				CLANG_WARN_BLOCK_CAPTURE_AUTORELEASING = YES;
				CLANG_WARN_BOOL_CONVERSION = YES;
				CLANG_WARN_COMMA = YES;
				CLANG_WARN_CONSTANT_CONVERSION = YES;
				CLANG_WARN_DEPRECATED_OBJC_IMPLEMENTATIONS = YES;
				CLANG_WARN_DIRECT_OBJC_ISA_USAGE = YES_ERROR;
				CLANG_WARN_DOCUMENTATION_COMMENTS = YES;
				CLANG_WARN_EMPTY_BODY = YES;
				CLANG_WARN_ENUM_CONVERSION = YES;
				CLANG_WARN_INFINITE_RECURSION = YES;
				CLANG_WARN_INT_CONVERSION = YES;
				CLANG_WARN_NON_LITERAL_NULL_CONVERSION = YES;
				CLANG_WARN_OBJC_IMPLICIT_RETAIN_SELF = YES;
				CLANG_WARN_OBJC_LITERAL_CONVERSION = YES;
				CLANG_WARN_OBJC_ROOT_CLASS = YES_ERROR;
				CLANG_WARN_QUOTED_INCLUDE_IN_FRAMEWORK_HEADER = YES;
				CLANG_WARN_RANGE_LOOP_ANALYSIS = YES;
				CLANG_WARN_STRICT_PROTOTYPES = YES;
				CLANG_WARN_SUSPICIOUS_MOVE = YES;
				CLANG_WARN_UNGUARDED_AVAILABILITY = YES_AGGRESSIVE;
				CLANG_WARN_UNREACHABLE_CODE = YES;
				CLANG_WARN__DUPLICATE_METHOD_MATCH = YES;
				COPY_PHASE_STRIP = NO;
				DEBUG_INFORMATION_FORMAT = "dwarf-with-dsym";
				ENABLE_NS_ASSERTIONS = NO;
				ENABLE_STRICT_OBJC_MSGSEND = YES;
				ENABLE_USER_SCRIPT_SANDBOXING = YES;
				GCC_C_LANGUAGE_STANDARD = gnu17;
				GCC_NO_COMMON_BLOCKS = YES;
				GCC_WARN_64_TO_32_BIT_CONVERSION = YES;
				GCC_WARN_ABOUT_RETURN_TYPE = YES_ERROR;
				GCC_WARN_UNDECLARED_SELECTOR = YES;
				GCC_WARN_UNINITIALIZED_AUTOS = YES_AGGRESSIVE;
				GCC_WARN_UNUSED_FUNCTION = YES;
				GCC_WARN_UNUSED_VARIABLE = YES;
				IPHONEOS_DEPLOYMENT_TARGET = 17.5;
				LOCALIZATION_PREFERS_STRING_CATALOGS = YES;
				MTL_ENABLE_DEBUG_INFO = NO;
				MTL_FAST_MATH = YES;
				SDKROOT = iphoneos;
				SWIFT_COMPILATION_MODE = wholemodule;
				VALIDATE_PRODUCT = YES;
			};
			name = Release;
		};
		A492E3DA2C7B0E5F00610C99 /* Debug */ = {
			isa = XCBuildConfiguration;
			buildSettings = {
				ASSETCATALOG_COMPILER_APPICON_NAME = AppIcon;
				ASSETCATALOG_COMPILER_GLOBAL_ACCENT_COLOR_NAME = AccentColor;
				CODE_SIGN_STYLE = Automatic;
				CURRENT_PROJECT_VERSION = 1;
				DEVELOPMENT_ASSET_PATHS = "\"ToDoTestAPICoreData/Preview Content\"";
				ENABLE_PREVIEWS = YES;
				GENERATE_INFOPLIST_FILE = YES;
				INFOPLIST_KEY_UIApplicationSceneManifest_Generation = YES;
				INFOPLIST_KEY_UIApplicationSupportsIndirectInputEvents = YES;
				INFOPLIST_KEY_UILaunchScreen_Generation = YES;
				INFOPLIST_KEY_UISupportedInterfaceOrientations = UIInterfaceOrientationPortrait;
				INFOPLIST_KEY_UISupportedInterfaceOrientations_iPad = "UIInterfaceOrientationLandscapeLeft UIInterfaceOrientationLandscapeRight UIInterfaceOrientationPortrait UIInterfaceOrientationPortraitUpsideDown";
				IPHONEOS_DEPLOYMENT_TARGET = 17.0;
				LD_RUNPATH_SEARCH_PATHS = (
					"$(inherited)",
					"@executable_path/Frameworks",
				);
				MARKETING_VERSION = 1.0;
				PRODUCT_BUNDLE_IDENTIFIER = KhusravSafiev.ToDoTestAPICoreData;
				PRODUCT_NAME = "$(TARGET_NAME)";
				SUPPORTED_PLATFORMS = "iphoneos iphonesimulator";
				SUPPORTS_MACCATALYST = NO;
				SUPPORTS_MAC_DESIGNED_FOR_IPHONE_IPAD = NO;
				SUPPORTS_XR_DESIGNED_FOR_IPHONE_IPAD = NO;
				SWIFT_EMIT_LOC_STRINGS = YES;
				SWIFT_VERSION = 5.0;
				TARGETED_DEVICE_FAMILY = 1;
			};
			name = Debug;
		};
		A492E3DB2C7B0E5F00610C99 /* Release */ = {
			isa = XCBuildConfiguration;
			buildSettings = {
				ASSETCATALOG_COMPILER_APPICON_NAME = AppIcon;
				ASSETCATALOG_COMPILER_GLOBAL_ACCENT_COLOR_NAME = AccentColor;
				CODE_SIGN_STYLE = Automatic;
				CURRENT_PROJECT_VERSION = 1;
				DEVELOPMENT_ASSET_PATHS = "\"ToDoTestAPICoreData/Preview Content\"";
				ENABLE_PREVIEWS = YES;
				GENERATE_INFOPLIST_FILE = YES;
				INFOPLIST_KEY_UIApplicationSceneManifest_Generation = YES;
				INFOPLIST_KEY_UIApplicationSupportsIndirectInputEvents = YES;
				INFOPLIST_KEY_UILaunchScreen_Generation = YES;
				INFOPLIST_KEY_UISupportedInterfaceOrientations = UIInterfaceOrientationPortrait;
				INFOPLIST_KEY_UISupportedInterfaceOrientations_iPad = "UIInterfaceOrientationLandscapeLeft UIInterfaceOrientationLandscapeRight UIInterfaceOrientationPortrait UIInterfaceOrientationPortraitUpsideDown";
				IPHONEOS_DEPLOYMENT_TARGET = 17.0;
				LD_RUNPATH_SEARCH_PATHS = (
					"$(inherited)",
					"@executable_path/Frameworks",
				);
				MARKETING_VERSION = 1.0;
				PRODUCT_BUNDLE_IDENTIFIER = KhusravSafiev.ToDoTestAPICoreData;
				PRODUCT_NAME = "$(TARGET_NAME)";
				SUPPORTED_PLATFORMS = "iphoneos iphonesimulator";
				SUPPORTS_MACCATALYST = NO;
				SUPPORTS_MAC_DESIGNED_FOR_IPHONE_IPAD = NO;
				SUPPORTS_XR_DESIGNED_FOR_IPHONE_IPAD = NO;
				SWIFT_EMIT_LOC_STRINGS = YES;
				SWIFT_VERSION = 5.0;
				TARGETED_DEVICE_FAMILY = 1;
			};
			name = Release;
		};
/* End XCBuildConfiguration section */

/* Begin XCConfigurationList section */
		A492E3C62C7B0E5E00610C99 /* Build configuration list for PBXProject "ToDoTestAPICoreData" */ = {
			isa = XCConfigurationList;
			buildConfigurations = (
				A492E3D72C7B0E5F00610C99 /* Debug */,
				A492E3D82C7B0E5F00610C99 /* Release */,
			);
			defaultConfigurationIsVisible = 0;
			defaultConfigurationName = Release;
		};
		A492E3D92C7B0E5F00610C99 /* Build configuration list for PBXNativeTarget "ToDoTestAPICoreData" */ = {
			isa = XCConfigurationList;
			buildConfigurations = (
				A492E3DA2C7B0E5F00610C99 /* Debug */,
				A492E3DB2C7B0E5F00610C99 /* Release */,
			);
			defaultConfigurationIsVisible = 0;
			defaultConfigurationName = Release;
		};
/* End XCConfigurationList section */

/* Begin XCVersionGroup section */
		A492E3E32C7B1FCC00610C99 /* TodoDataModel.xcdatamodeld */ = {
			isa = XCVersionGroup;
			children = (
				A492E3E42C7B1FCC00610C99 /* TodoDataModel.xcdatamodel */,
			);
			currentVersion = A492E3E42C7B1FCC00610C99 /* TodoDataModel.xcdatamodel */;
			path = TodoDataModel.xcdatamodeld;
			sourceTree = "<group>";
			versionGroupType = wrapper.xcdatamodel;
		};
/* End XCVersionGroup section */
	};
	rootObject = A492E3C32C7B0E5E00610C99 /* Project object */;
}
